
Microsoft Visual Studio Solution File, Format Version 12.00
# Visual Studio 15
VisualStudioVersion = 15.0.28307.329
MinimumVisualStudioVersion = 10.0.40219.1
Project("{FAE04EC0-301F-11D3-BF4B-00C04F79EFBC}") = "Client", "Client\Client.csproj", "{9CBA40AE-8C28-4D4E-8D97-3BDF9751A31B}"
EndProject
Global
	GlobalSection(SolutionConfigurationPlatforms) = preSolution
		Debug|Any CPU = Debug|Any CPU
		Release|Any CPU = Release|Any CPU
	EndGlobalSection
	GlobalSection(ProjectConfigurationPlatforms) = postSolution
		{9CBA40AE-8C28-4D4E-8D97-3BDF9751A31B}.Debug|Any CPU.ActiveCfg = Debug|Any CPU
		{9CBA40AE-8C28-4D4E-8D97-3BDF9751A31B}.Debug|Any CPU.Build.0 = Debug|Any CPU
		{9CBA40AE-8C28-4D4E-8D97-3BDF9751A31B}.Release|Any CPU.ActiveCfg = Release|Any CPU
		{9CBA40AE-8C28-4D4E-8D97-3BDF9751A31B}.Release|Any CPU.Build.0 = Release|Any CPU
	EndGlobalSection
	GlobalSection(SolutionProperties) = preSolution
		HideSolutionNode = FALSE
	EndGlobalSection
	GlobalSection(ExtensibilityGlobals) = postSolution
		SolutionGuid = {171024D3-590B-46B1-860B-5D0592067D01}
	EndGlobalSection
EndGlobal
